
Microsoft Visual Studio Solution File, Format Version 12.00
# Visual Studio Version 16
VisualStudioVersion = 16.0.32510.428
MinimumVisualStudioVersion = 10.0.40219.1
Project("{FAE04EC0-301F-11D3-BF4B-00C04F79EFBC}") = "Class and Object creation", "Class and Object creation\Class and Object creation.csproj", "{3B930BD0-88EB-40C4-807C-1593CF337706}"
EndProject
Global
	GlobalSection(SolutionConfigurationPlatforms) = preSolution
		Debug|Any CPU = Debug|Any CPU
		Release|Any CPU = Release|Any CPU
	EndGlobalSection
	GlobalSection(ProjectConfigurationPlatforms) = postSolution
		{3B930BD0-88EB-40C4-807C-1593CF337706}.Debug|Any CPU.ActiveCfg = Debug|Any CPU
		{3B930BD0-88EB-40C4-807C-1593CF337706}.Debug|Any CPU.Build.0 = Debug|Any CPU
		{3B930BD0-88EB-40C4-807C-1593CF337706}.Release|Any CPU.ActiveCfg = Release|Any CPU
		{3B930BD0-88EB-40C4-807C-1593CF337706}.Release|Any CPU.Build.0 = Release|Any CPU
	EndGlobalSection
	GlobalSection(SolutionProperties) = preSolution
		HideSolutionNode = FALSE
	EndGlobalSection
	GlobalSection(ExtensibilityGlobals) = postSolution
		SolutionGuid = {4A41F5A8-A300-4E00-A1E3-BFE0DCD34837}
	EndGlobalSection
EndGlobal
